
Microsoft Visual Studio Solution File, Format Version 12.00
# Visual Studio 14
VisualStudioVersion = 14.0.25420.1
MinimumVisualStudioVersion = 10.0.40219.1
Project("{FAE04EC0-301F-11D3-BF4B-00C04F79EFBC}") = "TripLog", "TripLog\TripLog\TripLog.csproj", "{CDC3B063-92C9-47FF-94A8-4034BFF9AD67}"
EndProject
Project("{FAE04EC0-301F-11D3-BF4B-00C04F79EFBC}") = "TripLog.Droid", "TripLog\TripLog.Droid\TripLog.Droid.csproj", "{26613956-9E31-4A7D-B5E1-7696E7BC179F}"
EndProject
Project("{FAE04EC0-301F-11D3-BF4B-00C04F79EFBC}") = "TripLog.iOS", "TripLog\TripLog.iOS\TripLog.iOS.csproj", "{CE463947-5778-4BCC-90CD-569FA51C15A0}"
EndProject
Project("{FAE04EC0-301F-11D3-BF4B-00C04F79EFBC}") = "TripLog.WinPhone", "TripLog\TripLog.WinPhone\TripLog.WinPhone.csproj", "{26DDF13B-A8E6-4398-9220-03A9E3B6CC59}"
EndProject
Project("{FAE04EC0-301F-11D3-BF4B-00C04F79EFBC}") = "TripLog.UWP", "TripLog\TripLog.UWP\TripLog.UWP.csproj", "{BF508E9E-F195-45C6-B600-1995961D8E87}"
EndProject
Project("{FAE04EC0-301F-11D3-BF4B-00C04F79EFBC}") = "TripLog.Windows", "TripLog\TripLog.Windows\TripLog.Windows.csproj", "{FC625955-CB93-417E-85FB-D370408EE69A}"
EndProject
Global
	GlobalSection(SolutionConfigurationPlatforms) = preSolution
		Ad-Hoc|Any CPU = Ad-Hoc|Any CPU
		Ad-Hoc|ARM = Ad-Hoc|ARM
		Ad-Hoc|iPhone = Ad-Hoc|iPhone
		Ad-Hoc|iPhoneSimulator = Ad-Hoc|iPhoneSimulator
		Ad-Hoc|x64 = Ad-Hoc|x64
		Ad-Hoc|x86 = Ad-Hoc|x86
		AppStore|Any CPU = AppStore|Any CPU
		AppStore|ARM = AppStore|ARM
		AppStore|iPhone = AppStore|iPhone
		AppStore|iPhoneSimulator = AppStore|iPhoneSimulator
		AppStore|x64 = AppStore|x64
		AppStore|x86 = AppStore|x86
		Debug|Any CPU = Debug|Any CPU
		Debug|ARM = Debug|ARM
		Debug|iPhone = Debug|iPhone
		Debug|iPhoneSimulator = Debug|iPhoneSimulator
		Debug|x64 = Debug|x64
		Debug|x86 = Debug|x86
		Release|Any CPU = Release|Any CPU
		Release|ARM = Release|ARM
		Release|iPhone = Release|iPhone
		Release|iPhoneSimulator = Release|iPhoneSimulator
		Release|x64 = Release|x64
		Release|x86 = Release|x86
	EndGlobalSection
	GlobalSection(ProjectConfigurationPlatforms) = postSolution
		{CDC3B063-92C9-47FF-94A8-4034BFF9AD67}.Ad-Hoc|Any CPU.ActiveCfg = Release|Any CPU
		{CDC3B063-92C9-47FF-94A8-4034BFF9AD67}.Ad-Hoc|Any CPU.Build.0 = Release|Any CPU
		{CDC3B063-92C9-47FF-94A8-4034BFF9AD67}.Ad-Hoc|ARM.ActiveCfg = Release|Any CPU
		{CDC3B063-92C9-47FF-94A8-4034BFF9AD67}.Ad-Hoc|ARM.Build.0 = Release|Any CPU
		{CDC3B063-92C9-47FF-94A8-4034BFF9AD67}.Ad-Hoc|iPhone.ActiveCfg = Release|Any CPU
		{CDC3B063-92C9-47FF-94A8-4034BFF9AD67}.Ad-Hoc|iPhone.Build.0 = Release|Any CPU
		{CDC3B063-92C9-47FF-94A8-4034BFF9AD67}.Ad-Hoc|iPhoneSimulator.ActiveCfg = Release|Any CPU
		{CDC3B063-92C9-47FF-94A8-4034BFF9AD67}.Ad-Hoc|iPhoneSimulator.Build.0 = Release|Any CPU
		{CDC3B063-92C9-47FF-94A8-4034BFF9AD67}.Ad-Hoc|x64.ActiveCfg = Release|Any CPU
		{CDC3B063-92C9-47FF-94A8-4034BFF9AD67}.Ad-Hoc|x64.Build.0 = Release|Any CPU
		{CDC3B063-92C9-47FF-94A8-4034BFF9AD67}.Ad-Hoc|x86.ActiveCfg = Release|Any CPU
		{CDC3B063-92C9-47FF-94A8-4034BFF9AD67}.Ad-Hoc|x86.Build.0 = Release|Any CPU
		{CDC3B063-92C9-47FF-94A8-4034BFF9AD67}.AppStore|Any CPU.ActiveCfg = Release|Any CPU
		{CDC3B063-92C9-47FF-94A8-4034BFF9AD67}.AppStore|Any CPU.Build.0 = Release|Any CPU
		{CDC3B063-92C9-47FF-94A8-4034BFF9AD67}.AppStore|ARM.ActiveCfg = Release|Any CPU
		{CDC3B063-92C9-47FF-94A8-4034BFF9AD67}.AppStore|ARM.Build.0 = Release|Any CPU
		{CDC3B063-92C9-47FF-94A8-4034BFF9AD67}.AppStore|iPhone.ActiveCfg = Release|Any CPU
		{CDC3B063-92C9-47FF-94A8-4034BFF9AD67}.AppStore|iPhone.Build.0 = Release|Any CPU
		{CDC3B063-92C9-47FF-94A8-4034BFF9AD67}.AppStore|iPhoneSimulator.ActiveCfg = Release|Any CPU
		{CDC3B063-92C9-47FF-94A8-4034BFF9AD67}.AppStore|iPhoneSimulator.Build.0 = Release|Any CPU
		{CDC3B063-92C9-47FF-94A8-4034BFF9AD67}.AppStore|x64.ActiveCfg = Release|Any CPU
		{CDC3B063-92C9-47FF-94A8-4034BFF9AD67}.AppStore|x64.Build.0 = Release|Any CPU
		{CDC3B063-92C9-47FF-94A8-4034BFF9AD67}.AppStore|x86.ActiveCfg = Release|Any CPU
		{CDC3B063-92C9-47FF-94A8-4034BFF9AD67}.AppStore|x86.Build.0 = Release|Any CPU
		{CDC3B063-92C9-47FF-94A8-4034BFF9AD67}.Debug|Any CPU.ActiveCfg = Debug|Any CPU
		{CDC3B063-92C9-47FF-94A8-4034BFF9AD67}.Debug|Any CPU.Build.0 = Debug|Any CPU
		{CDC3B063-92C9-47FF-94A8-4034BFF9AD67}.Debug|ARM.ActiveCfg = Debug|Any CPU
		{CDC3B063-92C9-47FF-94A8-4034BFF9AD67}.Debug|ARM.Build.0 = Debug|Any CPU
		{CDC3B063-92C9-47FF-94A8-4034BFF9AD67}.Debug|iPhone.ActiveCfg = Debug|Any CPU
		{CDC3B063-92C9-47FF-94A8-4034BFF9AD67}.Debug|iPhone.Build.0 = Debug|Any CPU
		{CDC3B063-92C9-47FF-94A8-4034BFF9AD67}.Debug|iPhoneSimulator.ActiveCfg = Debug|Any CPU
		{CDC3B063-92C9-47FF-94A8-4034BFF9AD67}.Debug|iPhoneSimulator.Build.0 = Debug|Any CPU
		{CDC3B063-92C9-47FF-94A8-4034BFF9AD67}.Debug|x64.ActiveCfg = Debug|Any CPU
		{CDC3B063-92C9-47FF-94A8-4034BFF9AD67}.Debug|x64.Build.0 = Debug|Any CPU
		{CDC3B063-92C9-47FF-94A8-4034BFF9AD67}.Debug|x86.ActiveCfg = Debug|Any CPU
		{CDC3B063-92C9-47FF-94A8-4034BFF9AD67}.Debug|x86.Build.0 = Debug|Any CPU
		{CDC3B063-92C9-47FF-94A8-4034BFF9AD67}.Release|Any CPU.ActiveCfg = Release|Any CPU
		{CDC3B063-92C9-47FF-94A8-4034BFF9AD67}.Release|Any CPU.Build.0 = Release|Any CPU
		{CDC3B063-92C9-47FF-94A8-4034BFF9AD67}.Release|ARM.ActiveCfg = Release|Any CPU
		{CDC3B063-92C9-47FF-94A8-4034BFF9AD67}.Release|ARM.Build.0 = Release|Any CPU
		{CDC3B063-92C9-47FF-94A8-4034BFF9AD67}.Release|iPhone.ActiveCfg = Release|Any CPU
		{CDC3B063-92C9-47FF-94A8-4034BFF9AD67}.Release|iPhone.Build.0 = Release|Any CPU
		{CDC3B063-92C9-47FF-94A8-4034BFF9AD67}.Release|iPhoneSimulator.ActiveCfg = Release|Any CPU
		{CDC3B063-92C9-47FF-94A8-4034BFF9AD67}.Release|iPhoneSimulator.Build.0 = Release|Any CPU
		{CDC3B063-92C9-47FF-94A8-4034BFF9AD67}.Release|x64.ActiveCfg = Release|Any CPU
		{CDC3B063-92C9-47FF-94A8-4034BFF9AD67}.Release|x64.Build.0 = Release|Any CPU
		{CDC3B063-92C9-47FF-94A8-4034BFF9AD67}.Release|x86.ActiveCfg = Release|Any CPU
		{CDC3B063-92C9-47FF-94A8-4034BFF9AD67}.Release|x86.Build.0 = Release|Any CPU
		{26613956-9E31-4A7D-B5E1-7696E7BC179F}.Ad-Hoc|Any CPU.ActiveCfg = Release|Any CPU
		{26613956-9E31-4A7D-B5E1-7696E7BC179F}.Ad-Hoc|Any CPU.Build.0 = Release|Any CPU
		{26613956-9E31-4A7D-B5E1-7696E7BC179F}.Ad-Hoc|Any CPU.Deploy.0 = Release|Any CPU
		{26613956-9E31-4A7D-B5E1-7696E7BC179F}.Ad-Hoc|ARM.ActiveCfg = Release|Any CPU
		{26613956-9E31-4A7D-B5E1-7696E7BC179F}.Ad-Hoc|ARM.Build.0 = Release|Any CPU
		{26613956-9E31-4A7D-B5E1-7696E7BC179F}.Ad-Hoc|ARM.Deploy.0 = Release|Any CPU
		{26613956-9E31-4A7D-B5E1-7696E7BC179F}.Ad-Hoc|iPhone.ActiveCfg = Release|Any CPU
		{26613956-9E31-4A7D-B5E1-7696E7BC179F}.Ad-Hoc|iPhone.Build.0 = Release|Any CPU
		{26613956-9E31-4A7D-B5E1-7696E7BC179F}.Ad-Hoc|iPhone.Deploy.0 = Release|Any CPU
		{26613956-9E31-4A7D-B5E1-7696E7BC179F}.Ad-Hoc|iPhoneSimulator.ActiveCfg = Release|Any CPU
		{26613956-9E31-4A7D-B5E1-7696E7BC179F}.Ad-Hoc|iPhoneSimulator.Build.0 = Release|Any CPU
		{26613956-9E31-4A7D-B5E1-7696E7BC179F}.Ad-Hoc|iPhoneSimulator.Deploy.0 = Release|Any CPU
		{26613956-9E31-4A7D-B5E1-7696E7BC179F}.Ad-Hoc|x64.ActiveCfg = Release|Any CPU
		{26613956-9E31-4A7D-B5E1-7696E7BC179F}.Ad-Hoc|x64.Build.0 = Release|Any CPU
		{26613956-9E31-4A7D-B5E1-7696E7BC179F}.Ad-Hoc|x64.Deploy.0 = Release|Any CPU
		{26613956-9E31-4A7D-B5E1-7696E7BC179F}.Ad-Hoc|x86.ActiveCfg = Release|Any CPU
		{26613956-9E31-4A7D-B5E1-7696E7BC179F}.Ad-Hoc|x86.Build.0 = Release|Any CPU
		{26613956-9E31-4A7D-B5E1-7696E7BC179F}.Ad-Hoc|x86.Deploy.0 = Release|Any CPU
		{26613956-9E31-4A7D-B5E1-7696E7BC179F}.AppStore|Any CPU.ActiveCfg = Release|Any CPU
		{26613956-9E31-4A7D-B5E1-7696E7BC179F}.AppStore|Any CPU.Build.0 = Release|Any CPU
		{26613956-9E31-4A7D-B5E1-7696E7BC179F}.AppStore|Any CPU.Deploy.0 = Release|Any CPU
		{26613956-9E31-4A7D-B5E1-7696E7BC179F}.AppStore|ARM.ActiveCfg = Release|Any CPU
		{26613956-9E31-4A7D-B5E1-7696E7BC179F}.AppStore|ARM.Build.0 = Release|Any CPU
		{26613956-9E31-4A7D-B5E1-7696E7BC179F}.AppStore|ARM.Deploy.0 = Release|Any CPU
		{26613956-9E31-4A7D-B5E1-7696E7BC179F}.AppStore|iPhone.ActiveCfg = Release|Any CPU
		{26613956-9E31-4A7D-B5E1-7696E7BC179F}.AppStore|iPhone.Build.0 = Release|Any CPU
		{26613956-9E31-4A7D-B5E1-7696E7BC179F}.AppStore|iPhone.Deploy.0 = Release|Any CPU
		{26613956-9E31-4A7D-B5E1-7696E7BC179F}.AppStore|iPhoneSimulator.ActiveCfg = Release|Any CPU
		{26613956-9E31-4A7D-B5E1-7696E7BC179F}.AppStore|iPhoneSimulator.Build.0 = Release|Any CPU
		{26613956-9E31-4A7D-B5E1-7696E7BC179F}.AppStore|iPhoneSimulator.Deploy.0 = Release|Any CPU
		{26613956-9E31-4A7D-B5E1-7696E7BC179F}.AppStore|x64.ActiveCfg = Release|Any CPU
		{26613956-9E31-4A7D-B5E1-7696E7BC179F}.AppStore|x64.Build.0 = Release|Any CPU
		{26613956-9E31-4A7D-B5E1-7696E7BC179F}.AppStore|x64.Deploy.0 = Release|Any CPU
		{26613956-9E31-4A7D-B5E1-7696E7BC179F}.AppStore|x86.ActiveCfg = Release|Any CPU
		{26613956-9E31-4A7D-B5E1-7696E7BC179F}.AppStore|x86.Build.0 = Release|Any CPU
		{26613956-9E31-4A7D-B5E1-7696E7BC179F}.AppStore|x86.Deploy.0 = Release|Any CPU
		{26613956-9E31-4A7D-B5E1-7696E7BC179F}.Debug|Any CPU.ActiveCfg = Debug|Any CPU
		{26613956-9E31-4A7D-B5E1-7696E7BC179F}.Debug|Any CPU.Build.0 = Debug|Any CPU
		{26613956-9E31-4A7D-B5E1-7696E7BC179F}.Debug|Any CPU.Deploy.0 = Debug|Any CPU
		{26613956-9E31-4A7D-B5E1-7696E7BC179F}.Debug|ARM.ActiveCfg = Debug|Any CPU
		{26613956-9E31-4A7D-B5E1-7696E7BC179F}.Debug|ARM.Build.0 = Debug|Any CPU
		{26613956-9E31-4A7D-B5E1-7696E7BC179F}.Debug|ARM.Deploy.0 = Debug|Any CPU
		{26613956-9E31-4A7D-B5E1-7696E7BC179F}.Debug|iPhone.ActiveCfg = Debug|Any CPU
		{26613956-9E31-4A7D-B5E1-7696E7BC179F}.Debug|iPhone.Build.0 = Debug|Any CPU
		{26613956-9E31-4A7D-B5E1-7696E7BC179F}.Debug|iPhone.Deploy.0 = Debug|Any CPU
		{26613956-9E31-4A7D-B5E1-7696E7BC179F}.Debug|iPhoneSimulator.ActiveCfg = Debug|Any CPU
		{26613956-9E31-4A7D-B5E1-7696E7BC179F}.Debug|iPhoneSimulator.Build.0 = Debug|Any CPU
		{26613956-9E31-4A7D-B5E1-7696E7BC179F}.Debug|iPhoneSimulator.Deploy.0 = Debug|Any CPU
		{26613956-9E31-4A7D-B5E1-7696E7BC179F}.Debug|x64.ActiveCfg = Debug|Any CPU
		{26613956-9E31-4A7D-B5E1-7696E7BC179F}.Debug|x64.Build.0 = Debug|Any CPU
		{26613956-9E31-4A7D-B5E1-7696E7BC179F}.Debug|x64.Deploy.0 = Debug|Any CPU
		{26613956-9E31-4A7D-B5E1-7696E7BC179F}.Debug|x86.ActiveCfg = Debug|Any CPU
		{26613956-9E31-4A7D-B5E1-7696E7BC179F}.Debug|x86.Build.0 = Debug|Any CPU
		{26613956-9E31-4A7D-B5E1-7696E7BC179F}.Debug|x86.Deploy.0 = Debug|Any CPU
		{26613956-9E31-4A7D-B5E1-7696E7BC179F}.Release|Any CPU.ActiveCfg = Release|Any CPU
		{26613956-9E31-4A7D-B5E1-7696E7BC179F}.Release|Any CPU.Build.0 = Release|Any CPU
		{26613956-9E31-4A7D-B5E1-7696E7BC179F}.Release|Any CPU.Deploy.0 = Release|Any CPU
		{26613956-9E31-4A7D-B5E1-7696E7BC179F}.Release|ARM.ActiveCfg = Release|Any CPU
		{26613956-9E31-4A7D-B5E1-7696E7BC179F}.Release|ARM.Build.0 = Release|Any CPU
		{26613956-9E31-4A7D-B5E1-7696E7BC179F}.Release|ARM.Deploy.0 = Release|Any CPU
		{26613956-9E31-4A7D-B5E1-7696E7BC179F}.Release|iPhone.ActiveCfg = Release|Any CPU
		{26613956-9E31-4A7D-B5E1-7696E7BC179F}.Release|iPhone.Build.0 = Release|Any CPU
		{26613956-9E31-4A7D-B5E1-7696E7BC179F}.Release|iPhone.Deploy.0 = Release|Any CPU
		{26613956-9E31-4A7D-B5E1-7696E7BC179F}.Release|iPhoneSimulator.ActiveCfg = Release|Any CPU
		{26613956-9E31-4A7D-B5E1-7696E7BC179F}.Release|iPhoneSimulator.Build.0 = Release|Any CPU
		{26613956-9E31-4A7D-B5E1-7696E7BC179F}.Release|iPhoneSimulator.Deploy.0 = Release|Any CPU
		{26613956-9E31-4A7D-B5E1-7696E7BC179F}.Release|x64.ActiveCfg = Release|Any CPU
		{26613956-9E31-4A7D-B5E1-7696E7BC179F}.Release|x64.Build.0 = Release|Any CPU
		{26613956-9E31-4A7D-B5E1-7696E7BC179F}.Release|x64.Deploy.0 = Release|Any CPU
		{26613956-9E31-4A7D-B5E1-7696E7BC179F}.Release|x86.ActiveCfg = Release|Any CPU
		{26613956-9E31-4A7D-B5E1-7696E7BC179F}.Release|x86.Build.0 = Release|Any CPU
		{26613956-9E31-4A7D-B5E1-7696E7BC179F}.Release|x86.Deploy.0 = Release|Any CPU
		{CE463947-5778-4BCC-90CD-569FA51C15A0}.Ad-Hoc|Any CPU.ActiveCfg = Ad-Hoc|iPhone
		{CE463947-5778-4BCC-90CD-569FA51C15A0}.Ad-Hoc|ARM.ActiveCfg = Ad-Hoc|iPhone
		{CE463947-5778-4BCC-90CD-569FA51C15A0}.Ad-Hoc|iPhone.ActiveCfg = Ad-Hoc|iPhone
		{CE463947-5778-4BCC-90CD-569FA51C15A0}.Ad-Hoc|iPhone.Build.0 = Ad-Hoc|iPhone
		{CE463947-5778-4BCC-90CD-569FA51C15A0}.Ad-Hoc|iPhoneSimulator.ActiveCfg = Ad-Hoc|iPhoneSimulator
		{CE463947-5778-4BCC-90CD-569FA51C15A0}.Ad-Hoc|iPhoneSimulator.Build.0 = Ad-Hoc|iPhoneSimulator
		{CE463947-5778-4BCC-90CD-569FA51C15A0}.Ad-Hoc|x64.ActiveCfg = Ad-Hoc|iPhone
		{CE463947-5778-4BCC-90CD-569FA51C15A0}.Ad-Hoc|x86.ActiveCfg = Ad-Hoc|iPhone
		{CE463947-5778-4BCC-90CD-569FA51C15A0}.AppStore|Any CPU.ActiveCfg = AppStore|iPhone
		{CE463947-5778-4BCC-90CD-569FA51C15A0}.AppStore|ARM.ActiveCfg = AppStore|iPhone
		{CE463947-5778-4BCC-90CD-569FA51C15A0}.AppStore|iPhone.ActiveCfg = AppStore|iPhone
		{CE463947-5778-4BCC-90CD-569FA51C15A0}.AppStore|iPhone.Build.0 = AppStore|iPhone
		{CE463947-5778-4BCC-90CD-569FA51C15A0}.AppStore|iPhoneSimulator.ActiveCfg = AppStore|iPhoneSimulator
		{CE463947-5778-4BCC-90CD-569FA51C15A0}.AppStore|iPhoneSimulator.Build.0 = AppStore|iPhoneSimulator
		{CE463947-5778-4BCC-90CD-569FA51C15A0}.AppStore|x64.ActiveCfg = AppStore|iPhone
		{CE463947-5778-4BCC-90CD-569FA51C15A0}.AppStore|x86.ActiveCfg = AppStore|iPhone
		{CE463947-5778-4BCC-90CD-569FA51C15A0}.Debug|Any CPU.ActiveCfg = Debug|iPhone
		{CE463947-5778-4BCC-90CD-569FA51C15A0}.Debug|ARM.ActiveCfg = Debug|iPhone
		{CE463947-5778-4BCC-90CD-569FA51C15A0}.Debug|iPhone.ActiveCfg = Debug|iPhone
		{CE463947-5778-4BCC-90CD-569FA51C15A0}.Debug|iPhone.Build.0 = Debug|iPhone
		{CE463947-5778-4BCC-90CD-569FA51C15A0}.Debug|iPhoneSimulator.ActiveCfg = Debug|iPhoneSimulator
		{CE463947-5778-4BCC-90CD-569FA51C15A0}.Debug|iPhoneSimulator.Build.0 = Debug|iPhoneSimulator
		{CE463947-5778-4BCC-90CD-569FA51C15A0}.Debug|x64.ActiveCfg = Debug|iPhone
		{CE463947-5778-4BCC-90CD-569FA51C15A0}.Debug|x86.ActiveCfg = Debug|iPhone
		{CE463947-5778-4BCC-90CD-569FA51C15A0}.Release|Any CPU.ActiveCfg = Release|iPhone
		{CE463947-5778-4BCC-90CD-569FA51C15A0}.Release|ARM.ActiveCfg = Release|iPhone
		{CE463947-5778-4BCC-90CD-569FA51C15A0}.Release|iPhone.ActiveCfg = Release|iPhone
		{CE463947-5778-4BCC-90CD-569FA51C15A0}.Release|iPhone.Build.0 = Release|iPhone
		{CE463947-5778-4BCC-90CD-569FA51C15A0}.Release|iPhoneSimulator.ActiveCfg = Release|iPhoneSimulator
		{CE463947-5778-4BCC-90CD-569FA51C15A0}.Release|iPhoneSimulator.Build.0 = Release|iPhoneSimulator
		{CE463947-5778-4BCC-90CD-569FA51C15A0}.Release|x64.ActiveCfg = Release|iPhone
		{CE463947-5778-4BCC-90CD-569FA51C15A0}.Release|x86.ActiveCfg = Release|iPhone
		{26DDF13B-A8E6-4398-9220-03A9E3B6CC59}.Ad-Hoc|Any CPU.ActiveCfg = Release|Any CPU
		{26DDF13B-A8E6-4398-9220-03A9E3B6CC59}.Ad-Hoc|Any CPU.Build.0 = Release|Any CPU
		{26DDF13B-A8E6-4398-9220-03A9E3B6CC59}.Ad-Hoc|Any CPU.Deploy.0 = Release|Any CPU
		{26DDF13B-A8E6-4398-9220-03A9E3B6CC59}.Ad-Hoc|ARM.ActiveCfg = Release|ARM
		{26DDF13B-A8E6-4398-9220-03A9E3B6CC59}.Ad-Hoc|ARM.Build.0 = Release|ARM
		{26DDF13B-A8E6-4398-9220-03A9E3B6CC59}.Ad-Hoc|ARM.Deploy.0 = Release|ARM
		{26DDF13B-A8E6-4398-9220-03A9E3B6CC59}.Ad-Hoc|iPhone.ActiveCfg = Release|Any CPU
		{26DDF13B-A8E6-4398-9220-03A9E3B6CC59}.Ad-Hoc|iPhone.Build.0 = Release|Any CPU
		{26DDF13B-A8E6-4398-9220-03A9E3B6CC59}.Ad-Hoc|iPhone.Deploy.0 = Release|Any CPU
		{26DDF13B-A8E6-4398-9220-03A9E3B6CC59}.Ad-Hoc|iPhoneSimulator.ActiveCfg = Release|Any CPU
		{26DDF13B-A8E6-4398-9220-03A9E3B6CC59}.Ad-Hoc|iPhoneSimulator.Build.0 = Release|Any CPU
		{26DDF13B-A8E6-4398-9220-03A9E3B6CC59}.Ad-Hoc|iPhoneSimulator.Deploy.0 = Release|Any CPU
		{26DDF13B-A8E6-4398-9220-03A9E3B6CC59}.Ad-Hoc|x64.ActiveCfg = Release|Any CPU
		{26DDF13B-A8E6-4398-9220-03A9E3B6CC59}.Ad-Hoc|x64.Build.0 = Release|Any CPU
		{26DDF13B-A8E6-4398-9220-03A9E3B6CC59}.Ad-Hoc|x64.Deploy.0 = Release|Any CPU
		{26DDF13B-A8E6-4398-9220-03A9E3B6CC59}.Ad-Hoc|x86.ActiveCfg = Release|x86
		{26DDF13B-A8E6-4398-9220-03A9E3B6CC59}.Ad-Hoc|x86.Build.0 = Release|x86
		{26DDF13B-A8E6-4398-9220-03A9E3B6CC59}.Ad-Hoc|x86.Deploy.0 = Release|x86
		{26DDF13B-A8E6-4398-9220-03A9E3B6CC59}.AppStore|Any CPU.ActiveCfg = Release|Any CPU
		{26DDF13B-A8E6-4398-9220-03A9E3B6CC59}.AppStore|Any CPU.Build.0 = Release|Any CPU
		{26DDF13B-A8E6-4398-9220-03A9E3B6CC59}.AppStore|Any CPU.Deploy.0 = Release|Any CPU
		{26DDF13B-A8E6-4398-9220-03A9E3B6CC59}.AppStore|ARM.ActiveCfg = Release|ARM
		{26DDF13B-A8E6-4398-9220-03A9E3B6CC59}.AppStore|ARM.Build.0 = Release|ARM
		{26DDF13B-A8E6-4398-9220-03A9E3B6CC59}.AppStore|ARM.Deploy.0 = Release|ARM
		{26DDF13B-A8E6-4398-9220-03A9E3B6CC59}.AppStore|iPhone.ActiveCfg = Release|Any CPU
		{26DDF13B-A8E6-4398-9220-03A9E3B6CC59}.AppStore|iPhone.Build.0 = Release|Any CPU
		{26DDF13B-A8E6-4398-9220-03A9E3B6CC59}.AppStore|iPhone.Deploy.0 = Release|Any CPU
		{26DDF13B-A8E6-4398-9220-03A9E3B6CC59}.AppStore|iPhoneSimulator.ActiveCfg = Release|Any CPU
		{26DDF13B-A8E6-4398-9220-03A9E3B6CC59}.AppStore|iPhoneSimulator.Build.0 = Release|Any CPU
		{26DDF13B-A8E6-4398-9220-03A9E3B6CC59}.AppStore|iPhoneSimulator.Deploy.0 = Release|Any CPU
		{26DDF13B-A8E6-4398-9220-03A9E3B6CC59}.AppStore|x64.ActiveCfg = Release|Any CPU
		{26DDF13B-A8E6-4398-9220-03A9E3B6CC59}.AppStore|x64.Build.0 = Release|Any CPU
		{26DDF13B-A8E6-4398-9220-03A9E3B6CC59}.AppStore|x64.Deploy.0 = Release|Any CPU
		{26DDF13B-A8E6-4398-9220-03A9E3B6CC59}.AppStore|x86.ActiveCfg = Release|x86
		{26DDF13B-A8E6-4398-9220-03A9E3B6CC59}.AppStore|x86.Build.0 = Release|x86
		{26DDF13B-A8E6-4398-9220-03A9E3B6CC59}.AppStore|x86.Deploy.0 = Release|x86
		{26DDF13B-A8E6-4398-9220-03A9E3B6CC59}.Debug|Any CPU.ActiveCfg = Debug|Any CPU
		{26DDF13B-A8E6-4398-9220-03A9E3B6CC59}.Debug|Any CPU.Build.0 = Debug|Any CPU
		{26DDF13B-A8E6-4398-9220-03A9E3B6CC59}.Debug|Any CPU.Deploy.0 = Debug|Any CPU
		{26DDF13B-A8E6-4398-9220-03A9E3B6CC59}.Debug|ARM.ActiveCfg = Debug|ARM
		{26DDF13B-A8E6-4398-9220-03A9E3B6CC59}.Debug|ARM.Build.0 = Debug|ARM
		{26DDF13B-A8E6-4398-9220-03A9E3B6CC59}.Debug|ARM.Deploy.0 = Debug|ARM
		{26DDF13B-A8E6-4398-9220-03A9E3B6CC59}.Debug|iPhone.ActiveCfg = Debug|Any CPU
		{26DDF13B-A8E6-4398-9220-03A9E3B6CC59}.Debug|iPhone.Build.0 = Debug|Any CPU
		{26DDF13B-A8E6-4398-9220-03A9E3B6CC59}.Debug|iPhone.Deploy.0 = Debug|Any CPU
		{26DDF13B-A8E6-4398-9220-03A9E3B6CC59}.Debug|iPhoneSimulator.ActiveCfg = Debug|Any CPU
		{26DDF13B-A8E6-4398-9220-03A9E3B6CC59}.Debug|iPhoneSimulator.Build.0 = Debug|Any CPU
		{26DDF13B-A8E6-4398-9220-03A9E3B6CC59}.Debug|iPhoneSimulator.Deploy.0 = Debug|Any CPU
		{26DDF13B-A8E6-4398-9220-03A9E3B6CC59}.Debug|x64.ActiveCfg = Debug|Any CPU
		{26DDF13B-A8E6-4398-9220-03A9E3B6CC59}.Debug|x64.Build.0 = Debug|Any CPU
		{26DDF13B-A8E6-4398-9220-03A9E3B6CC59}.Debug|x64.Deploy.0 = Debug|Any CPU
		{26DDF13B-A8E6-4398-9220-03A9E3B6CC59}.Debug|x86.ActiveCfg = Debug|x86
		{26DDF13B-A8E6-4398-9220-03A9E3B6CC59}.Debug|x86.Build.0 = Debug|x86
		{26DDF13B-A8E6-4398-9220-03A9E3B6CC59}.Debug|x86.Deploy.0 = Debug|x86
		{26DDF13B-A8E6-4398-9220-03A9E3B6CC59}.Release|Any CPU.ActiveCfg = Release|Any CPU
		{26DDF13B-A8E6-4398-9220-03A9E3B6CC59}.Release|Any CPU.Build.0 = Release|Any CPU
		{26DDF13B-A8E6-4398-9220-03A9E3B6CC59}.Release|Any CPU.Deploy.0 = Release|Any CPU
		{26DDF13B-A8E6-4398-9220-03A9E3B6CC59}.Release|ARM.ActiveCfg = Release|ARM
		{26DDF13B-A8E6-4398-9220-03A9E3B6CC59}.Release|ARM.Build.0 = Release|ARM
		{26DDF13B-A8E6-4398-9220-03A9E3B6CC59}.Release|ARM.Deploy.0 = Release|ARM
		{26DDF13B-A8E6-4398-9220-03A9E3B6CC59}.Release|iPhone.ActiveCfg = Release|Any CPU
		{26DDF13B-A8E6-4398-9220-03A9E3B6CC59}.Release|iPhone.Build.0 = Release|Any CPU
		{26DDF13B-A8E6-4398-9220-03A9E3B6CC59}.Release|iPhone.Deploy.0 = Release|Any CPU
		{26DDF13B-A8E6-4398-9220-03A9E3B6CC59}.Release|iPhoneSimulator.ActiveCfg = Release|Any CPU
		{26DDF13B-A8E6-4398-9220-03A9E3B6CC59}.Release|iPhoneSimulator.Build.0 = Release|Any CPU
		{26DDF13B-A8E6-4398-9220-03A9E3B6CC59}.Release|iPhoneSimulator.Deploy.0 = Release|Any CPU
		{26DDF13B-A8E6-4398-9220-03A9E3B6CC59}.Release|x64.ActiveCfg = Release|Any CPU
		{26DDF13B-A8E6-4398-9220-03A9E3B6CC59}.Release|x64.Build.0 = Release|Any CPU
		{26DDF13B-A8E6-4398-9220-03A9E3B6CC59}.Release|x64.Deploy.0 = Release|Any CPU
		{26DDF13B-A8E6-4398-9220-03A9E3B6CC59}.Release|x86.ActiveCfg = Release|x86
		{26DDF13B-A8E6-4398-9220-03A9E3B6CC59}.Release|x86.Build.0 = Release|x86
		{26DDF13B-A8E6-4398-9220-03A9E3B6CC59}.Release|x86.Deploy.0 = Release|x86
		{BF508E9E-F195-45C6-B600-1995961D8E87}.Ad-Hoc|Any CPU.ActiveCfg = Release|x86
		{BF508E9E-F195-45C6-B600-1995961D8E87}.Ad-Hoc|Any CPU.Build.0 = Release|x86
		{BF508E9E-F195-45C6-B600-1995961D8E87}.Ad-Hoc|Any CPU.Deploy.0 = Release|x86
		{BF508E9E-F195-45C6-B600-1995961D8E87}.Ad-Hoc|ARM.ActiveCfg = Release|ARM
		{BF508E9E-F195-45C6-B600-1995961D8E87}.Ad-Hoc|ARM.Build.0 = Release|ARM
		{BF508E9E-F195-45C6-B600-1995961D8E87}.Ad-Hoc|ARM.Deploy.0 = Release|ARM
		{BF508E9E-F195-45C6-B600-1995961D8E87}.Ad-Hoc|iPhone.ActiveCfg = Release|x86
		{BF508E9E-F195-45C6-B600-1995961D8E87}.Ad-Hoc|iPhone.Build.0 = Release|x86
		{BF508E9E-F195-45C6-B600-1995961D8E87}.Ad-Hoc|iPhone.Deploy.0 = Release|x86
		{BF508E9E-F195-45C6-B600-1995961D8E87}.Ad-Hoc|iPhoneSimulator.ActiveCfg = Release|x86
		{BF508E9E-F195-45C6-B600-1995961D8E87}.Ad-Hoc|iPhoneSimulator.Build.0 = Release|x86
		{BF508E9E-F195-45C6-B600-1995961D8E87}.Ad-Hoc|iPhoneSimulator.Deploy.0 = Release|x86
		{BF508E9E-F195-45C6-B600-1995961D8E87}.Ad-Hoc|x64.ActiveCfg = Release|x64
		{BF508E9E-F195-45C6-B600-1995961D8E87}.Ad-Hoc|x64.Build.0 = Release|x64
		{BF508E9E-F195-45C6-B600-1995961D8E87}.Ad-Hoc|x64.Deploy.0 = Release|x64
		{BF508E9E-F195-45C6-B600-1995961D8E87}.Ad-Hoc|x86.ActiveCfg = Release|x86
		{BF508E9E-F195-45C6-B600-1995961D8E87}.Ad-Hoc|x86.Build.0 = Release|x86
		{BF508E9E-F195-45C6-B600-1995961D8E87}.Ad-Hoc|x86.Deploy.0 = Release|x86
		{BF508E9E-F195-45C6-B600-1995961D8E87}.AppStore|Any CPU.ActiveCfg = Release|x86
		{BF508E9E-F195-45C6-B600-1995961D8E87}.AppStore|Any CPU.Build.0 = Release|x86
		{BF508E9E-F195-45C6-B600-1995961D8E87}.AppStore|Any CPU.Deploy.0 = Release|x86
		{BF508E9E-F195-45C6-B600-1995961D8E87}.AppStore|ARM.ActiveCfg = Release|ARM
		{BF508E9E-F195-45C6-B600-1995961D8E87}.AppStore|ARM.Build.0 = Release|ARM
		{BF508E9E-F195-45C6-B600-1995961D8E87}.AppStore|ARM.Deploy.0 = Release|ARM
		{BF508E9E-F195-45C6-B600-1995961D8E87}.AppStore|iPhone.ActiveCfg = Release|x86
		{BF508E9E-F195-45C6-B600-1995961D8E87}.AppStore|iPhone.Build.0 = Release|x86
		{BF508E9E-F195-45C6-B600-1995961D8E87}.AppStore|iPhone.Deploy.0 = Release|x86
		{BF508E9E-F195-45C6-B600-1995961D8E87}.AppStore|iPhoneSimulator.ActiveCfg = Release|x86
		{BF508E9E-F195-45C6-B600-1995961D8E87}.AppStore|iPhoneSimulator.Build.0 = Release|x86
		{BF508E9E-F195-45C6-B600-1995961D8E87}.AppStore|iPhoneSimulator.Deploy.0 = Release|x86
		{BF508E9E-F195-45C6-B600-1995961D8E87}.AppStore|x64.ActiveCfg = Release|x64
		{BF508E9E-F195-45C6-B600-1995961D8E87}.AppStore|x64.Build.0 = Release|x64
		{BF508E9E-F195-45C6-B600-1995961D8E87}.AppStore|x64.Deploy.0 = Release|x64
		{BF508E9E-F195-45C6-B600-1995961D8E87}.AppStore|x86.ActiveCfg = Release|x86
		{BF508E9E-F195-45C6-B600-1995961D8E87}.AppStore|x86.Build.0 = Release|x86
		{BF508E9E-F195-45C6-B600-1995961D8E87}.AppStore|x86.Deploy.0 = Release|x86
		{BF508E9E-F195-45C6-B600-1995961D8E87}.Debug|Any CPU.ActiveCfg = Debug|x86
		{BF508E9E-F195-45C6-B600-1995961D8E87}.Debug|ARM.ActiveCfg = Debug|ARM
		{BF508E9E-F195-45C6-B600-1995961D8E87}.Debug|ARM.Build.0 = Debug|ARM
		{BF508E9E-F195-45C6-B600-1995961D8E87}.Debug|ARM.Deploy.0 = Debug|ARM
		{BF508E9E-F195-45C6-B600-1995961D8E87}.Debug|iPhone.ActiveCfg = Debug|x86
		{BF508E9E-F195-45C6-B600-1995961D8E87}.Debug|iPhoneSimulator.ActiveCfg = Debug|x86
		{BF508E9E-F195-45C6-B600-1995961D8E87}.Debug|x64.ActiveCfg = Debug|x64
		{BF508E9E-F195-45C6-B600-1995961D8E87}.Debug|x64.Build.0 = Debug|x64
		{BF508E9E-F195-45C6-B600-1995961D8E87}.Debug|x64.Deploy.0 = Debug|x64
		{BF508E9E-F195-45C6-B600-1995961D8E87}.Debug|x86.ActiveCfg = Debug|x86
		{BF508E9E-F195-45C6-B600-1995961D8E87}.Debug|x86.Build.0 = Debug|x86
		{BF508E9E-F195-45C6-B600-1995961D8E87}.Debug|x86.Deploy.0 = Debug|x86
		{BF508E9E-F195-45C6-B600-1995961D8E87}.Release|Any CPU.ActiveCfg = Release|x86
		{BF508E9E-F195-45C6-B600-1995961D8E87}.Release|ARM.ActiveCfg = Release|ARM
		{BF508E9E-F195-45C6-B600-1995961D8E87}.Release|ARM.Build.0 = Release|ARM
		{BF508E9E-F195-45C6-B600-1995961D8E87}.Release|ARM.Deploy.0 = Release|ARM
		{BF508E9E-F195-45C6-B600-1995961D8E87}.Release|iPhone.ActiveCfg = Release|x86
		{BF508E9E-F195-45C6-B600-1995961D8E87}.Release|iPhoneSimulator.ActiveCfg = Release|x86
		{BF508E9E-F195-45C6-B600-1995961D8E87}.Release|x64.ActiveCfg = Release|x64
		{BF508E9E-F195-45C6-B600-1995961D8E87}.Release|x64.Build.0 = Release|x64
		{BF508E9E-F195-45C6-B600-1995961D8E87}.Release|x64.Deploy.0 = Release|x64
		{BF508E9E-F195-45C6-B600-1995961D8E87}.Release|x86.ActiveCfg = Release|x86
		{BF508E9E-F195-45C6-B600-1995961D8E87}.Release|x86.Build.0 = Release|x86
		{BF508E9E-F195-45C6-B600-1995961D8E87}.Release|x86.Deploy.0 = Release|x86
		{FC625955-CB93-417E-85FB-D370408EE69A}.Ad-Hoc|Any CPU.ActiveCfg = Release|Any CPU
		{FC625955-CB93-417E-85FB-D370408EE69A}.Ad-Hoc|Any CPU.Build.0 = Release|Any CPU
		{FC625955-CB93-417E-85FB-D370408EE69A}.Ad-Hoc|Any CPU.Deploy.0 = Release|Any CPU
		{FC625955-CB93-417E-85FB-D370408EE69A}.Ad-Hoc|ARM.ActiveCfg = Release|ARM
		{FC625955-CB93-417E-85FB-D370408EE69A}.Ad-Hoc|ARM.Build.0 = Release|ARM
		{FC625955-CB93-417E-85FB-D370408EE69A}.Ad-Hoc|ARM.Deploy.0 = Release|ARM
		{FC625955-CB93-417E-85FB-D370408EE69A}.Ad-Hoc|iPhone.ActiveCfg = Release|Any CPU
		{FC625955-CB93-417E-85FB-D370408EE69A}.Ad-Hoc|iPhone.Build.0 = Release|Any CPU
		{FC625955-CB93-417E-85FB-D370408EE69A}.Ad-Hoc|iPhone.Deploy.0 = Release|Any CPU
		{FC625955-CB93-417E-85FB-D370408EE69A}.Ad-Hoc|iPhoneSimulator.ActiveCfg = Release|Any CPU
		{FC625955-CB93-417E-85FB-D370408EE69A}.Ad-Hoc|iPhoneSimulator.Build.0 = Release|Any CPU
		{FC625955-CB93-417E-85FB-D370408EE69A}.Ad-Hoc|iPhoneSimulator.Deploy.0 = Release|Any CPU
		{FC625955-CB93-417E-85FB-D370408EE69A}.Ad-Hoc|x64.ActiveCfg = Release|x64
		{FC625955-CB93-417E-85FB-D370408EE69A}.Ad-Hoc|x64.Build.0 = Release|x64
		{FC625955-CB93-417E-85FB-D370408EE69A}.Ad-Hoc|x64.Deploy.0 = Release|x64
		{FC625955-CB93-417E-85FB-D370408EE69A}.Ad-Hoc|x86.ActiveCfg = Release|x86
		{FC625955-CB93-417E-85FB-D370408EE69A}.Ad-Hoc|x86.Build.0 = Release|x86
		{FC625955-CB93-417E-85FB-D370408EE69A}.Ad-Hoc|x86.Deploy.0 = Release|x86
		{FC625955-CB93-417E-85FB-D370408EE69A}.AppStore|Any CPU.ActiveCfg = Release|Any CPU
		{FC625955-CB93-417E-85FB-D370408EE69A}.AppStore|Any CPU.Build.0 = Release|Any CPU
		{FC625955-CB93-417E-85FB-D370408EE69A}.AppStore|Any CPU.Deploy.0 = Release|Any CPU
		{FC625955-CB93-417E-85FB-D370408EE69A}.AppStore|ARM.ActiveCfg = Release|ARM
		{FC625955-CB93-417E-85FB-D370408EE69A}.AppStore|ARM.Build.0 = Release|ARM
		{FC625955-CB93-417E-85FB-D370408EE69A}.AppStore|ARM.Deploy.0 = Release|ARM
		{FC625955-CB93-417E-85FB-D370408EE69A}.AppStore|iPhone.ActiveCfg = Release|Any CPU
		{FC625955-CB93-417E-85FB-D370408EE69A}.AppStore|iPhone.Build.0 = Release|Any CPU
		{FC625955-CB93-417E-85FB-D370408EE69A}.AppStore|iPhone.Deploy.0 = Release|Any CPU
		{FC625955-CB93-417E-85FB-D370408EE69A}.AppStore|iPhoneSimulator.ActiveCfg = Release|Any CPU
		{FC625955-CB93-417E-85FB-D370408EE69A}.AppStore|iPhoneSimulator.Build.0 = Release|Any CPU
		{FC625955-CB93-417E-85FB-D370408EE69A}.AppStore|iPhoneSimulator.Deploy.0 = Release|Any CPU
		{FC625955-CB93-417E-85FB-D370408EE69A}.AppStore|x64.ActiveCfg = Release|x64
		{FC625955-CB93-417E-85FB-D370408EE69A}.AppStore|x64.Build.0 = Release|x64
		{FC625955-CB93-417E-85FB-D370408EE69A}.AppStore|x64.Deploy.0 = Release|x64
		{FC625955-CB93-417E-85FB-D370408EE69A}.AppStore|x86.ActiveCfg = Release|x86
		{FC625955-CB93-417E-85FB-D370408EE69A}.AppStore|x86.Build.0 = Release|x86
		{FC625955-CB93-417E-85FB-D370408EE69A}.AppStore|x86.Deploy.0 = Release|x86
		{FC625955-CB93-417E-85FB-D370408EE69A}.Debug|Any CPU.ActiveCfg = Debug|Any CPU
		{FC625955-CB93-417E-85FB-D370408EE69A}.Debug|Any CPU.Build.0 = Debug|Any CPU
		{FC625955-CB93-417E-85FB-D370408EE69A}.Debug|Any CPU.Deploy.0 = Debug|Any CPU
		{FC625955-CB93-417E-85FB-D370408EE69A}.Debug|ARM.ActiveCfg = Debug|ARM
		{FC625955-CB93-417E-85FB-D370408EE69A}.Debug|ARM.Build.0 = Debug|ARM
		{FC625955-CB93-417E-85FB-D370408EE69A}.Debug|ARM.Deploy.0 = Debug|ARM
		{FC625955-CB93-417E-85FB-D370408EE69A}.Debug|iPhone.ActiveCfg = Debug|Any CPU
		{FC625955-CB93-417E-85FB-D370408EE69A}.Debug|iPhone.Build.0 = Debug|Any CPU
		{FC625955-CB93-417E-85FB-D370408EE69A}.Debug|iPhone.Deploy.0 = Debug|Any CPU
		{FC625955-CB93-417E-85FB-D370408EE69A}.Debug|iPhoneSimulator.ActiveCfg = Debug|Any CPU
		{FC625955-CB93-417E-85FB-D370408EE69A}.Debug|iPhoneSimulator.Build.0 = Debug|Any CPU
		{FC625955-CB93-417E-85FB-D370408EE69A}.Debug|iPhoneSimulator.Deploy.0 = Debug|Any CPU
		{FC625955-CB93-417E-85FB-D370408EE69A}.Debug|x64.ActiveCfg = Debug|x64
		{FC625955-CB93-417E-85FB-D370408EE69A}.Debug|x64.Build.0 = Debug|x64
		{FC625955-CB93-417E-85FB-D370408EE69A}.Debug|x64.Deploy.0 = Debug|x64
		{FC625955-CB93-417E-85FB-D370408EE69A}.Debug|x86.ActiveCfg = Debug|x86
		{FC625955-CB93-417E-85FB-D370408EE69A}.Debug|x86.Build.0 = Debug|x86
		{FC625955-CB93-417E-85FB-D370408EE69A}.Debug|x86.Deploy.0 = Debug|x86
		{FC625955-CB93-417E-85FB-D370408EE69A}.Release|Any CPU.ActiveCfg = Release|Any CPU
		{FC625955-CB93-417E-85FB-D370408EE69A}.Release|Any CPU.Build.0 = Release|Any CPU
		{FC625955-CB93-417E-85FB-D370408EE69A}.Release|Any CPU.Deploy.0 = Release|Any CPU
		{FC625955-CB93-417E-85FB-D370408EE69A}.Release|ARM.ActiveCfg = Release|ARM
		{FC625955-CB93-417E-85FB-D370408EE69A}.Release|ARM.Build.0 = Release|ARM
		{FC625955-CB93-417E-85FB-D370408EE69A}.Release|ARM.Deploy.0 = Release|ARM
		{FC625955-CB93-417E-85FB-D370408EE69A}.Release|iPhone.ActiveCfg = Release|Any CPU
		{FC625955-CB93-417E-85FB-D370408EE69A}.Release|iPhone.Build.0 = Release|Any CPU
		{FC625955-CB93-417E-85FB-D370408EE69A}.Release|iPhone.Deploy.0 = Release|Any CPU
		{FC625955-CB93-417E-85FB-D370408EE69A}.Release|iPhoneSimulator.ActiveCfg = Release|Any CPU
		{FC625955-CB93-417E-85FB-D370408EE69A}.Release|iPhoneSimulator.Build.0 = Release|Any CPU
		{FC625955-CB93-417E-85FB-D370408EE69A}.Release|iPhoneSimulator.Deploy.0 = Release|Any CPU
		{FC625955-CB93-417E-85FB-D370408EE69A}.Release|x64.ActiveCfg = Release|x64
		{FC625955-CB93-417E-85FB-D370408EE69A}.Release|x64.Build.0 = Release|x64
		{FC625955-CB93-417E-85FB-D370408EE69A}.Release|x64.Deploy.0 = Release|x64
		{FC625955-CB93-417E-85FB-D370408EE69A}.Release|x86.ActiveCfg = Release|x86
		{FC625955-CB93-417E-85FB-D370408EE69A}.Release|x86.Build.0 = Release|x86
		{FC625955-CB93-417E-85FB-D370408EE69A}.Release|x86.Deploy.0 = Release|x86
	EndGlobalSection
	GlobalSection(SolutionProperties) = preSolution
		HideSolutionNode = FALSE
	EndGlobalSection
EndGlobal
